
Microsoft Visual Studio Solution File, Format Version 12.00
# Visual Studio Version 16
VisualStudioVersion = 16.0.31019.35
MinimumVisualStudioVersion = 10.0.40219.1
Project("{FAE04EC0-301F-11D3-BF4B-00C04F79EFBC}") = "GitAutosaver", "GitAutosaver\GitAutosaver.csproj", "{CE28DA3B-A3E8-4186-8260-97EF4AFABA2D}"
EndProject
Global
	GlobalSection(SolutionConfigurationPlatforms) = preSolution
		Debug|Any CPU = Debug|Any CPU
		Release|Any CPU = Release|Any CPU
	EndGlobalSection
	GlobalSection(ProjectConfigurationPlatforms) = postSolution
		{CE28DA3B-A3E8-4186-8260-97EF4AFABA2D}.Debug|Any CPU.ActiveCfg = Debug|Any CPU
		{CE28DA3B-A3E8-4186-8260-97EF4AFABA2D}.Debug|Any CPU.Build.0 = Debug|Any CPU
		{CE28DA3B-A3E8-4186-8260-97EF4AFABA2D}.Release|Any CPU.ActiveCfg = Release|Any CPU
		{CE28DA3B-A3E8-4186-8260-97EF4AFABA2D}.Release|Any CPU.Build.0 = Release|Any CPU
	EndGlobalSection
	GlobalSection(SolutionProperties) = preSolution
		HideSolutionNode = FALSE
	EndGlobalSection
	GlobalSection(ExtensibilityGlobals) = postSolution
		SolutionGuid = {1FF28B42-9650-4F88-A10B-3B105B3569A5}
	EndGlobalSection
EndGlobal
